
Microsoft Visual Studio Solution File, Format Version 12.00
Project("{FAE04EC0-301F-11D3-BF4B-00C04F79EFBC}") = "VarnishTest.WebAPI", "VarnishTest.WebAPI\VarnishTest.WebAPI.csproj", "{30F3DD2F-2122-4709-B83D-BF21FA38BB85}"
EndProject
Project("{FAE04EC0-301F-11D3-BF4B-00C04F79EFBC}") = "VarnishTest.Infrastructure", "VarnishTest.Infrastructure\VarnishTest.Infrastructure.csproj", "{5CC1F63E-16C6-4690-BF9E-FD12FB5CE3E5}"
EndProject
Project("{FAE04EC0-301F-11D3-BF4B-00C04F79EFBC}") = "VarnishTest.Abstractions", "VarnishTest.Abstractions\VarnishTest.Abstractions.csproj", "{8B47F7F9-A88B-4988-B0E2-B2A2525DFD28}"
EndProject
Project("{FAE04EC0-301F-11D3-BF4B-00C04F79EFBC}") = "VarnishTest.Core", "VarnishTest.Core\VarnishTest.Core.csproj", "{09DD952C-A0BA-4927-BBB5-FC56B8678F86}"
EndProject
Project("{FAE04EC0-301F-11D3-BF4B-00C04F79EFBC}") = "VarnishTest.Dao", "VarnishTest.Dao\VarnishTest.Dao.csproj", "{3B192A5E-371F-4406-A190-2DC6FF8C4542}"
EndProject
Project("{FAE04EC0-301F-11D3-BF4B-00C04F79EFBC}") = "VarnishTest.Dto", "VarnishTest.Dto\VarnishTest.Dto.csproj", "{220BBF79-96C2-4E2B-8C0A-3FC595B39B18}"
EndProject
Project("{2150E333-8FDC-42A3-9474-1A3956D46DE8}") = "Shared", "Shared", "{5026479A-1B66-492F-AFB0-E60C15C720CE}"
EndProject
Project("{2150E333-8FDC-42A3-9474-1A3956D46DE8}") = "Business", "Business", "{6F9670A1-BA28-4DE0-9180-54D2189AF36E}"
EndProject
Project("{2150E333-8FDC-42A3-9474-1A3956D46DE8}") = "Data", "Data", "{CF036726-AC85-4A85-B6BE-D4DC6FC409D2}"
EndProject
Project("{2150E333-8FDC-42A3-9474-1A3956D46DE8}") = "Hosts", "Hosts", "{F7D769E7-4994-4000-AAE7-F4037EE81176}"
EndProject
Global
	GlobalSection(SolutionConfigurationPlatforms) = preSolution
		Debug|Any CPU = Debug|Any CPU
		Release|Any CPU = Release|Any CPU
	EndGlobalSection
	GlobalSection(ProjectConfigurationPlatforms) = postSolution
		{30F3DD2F-2122-4709-B83D-BF21FA38BB85}.Debug|Any CPU.ActiveCfg = Debug|Any CPU
		{30F3DD2F-2122-4709-B83D-BF21FA38BB85}.Debug|Any CPU.Build.0 = Debug|Any CPU
		{30F3DD2F-2122-4709-B83D-BF21FA38BB85}.Release|Any CPU.ActiveCfg = Release|Any CPU
		{30F3DD2F-2122-4709-B83D-BF21FA38BB85}.Release|Any CPU.Build.0 = Release|Any CPU
		{5CC1F63E-16C6-4690-BF9E-FD12FB5CE3E5}.Debug|Any CPU.ActiveCfg = Debug|Any CPU
		{5CC1F63E-16C6-4690-BF9E-FD12FB5CE3E5}.Debug|Any CPU.Build.0 = Debug|Any CPU
		{5CC1F63E-16C6-4690-BF9E-FD12FB5CE3E5}.Release|Any CPU.ActiveCfg = Release|Any CPU
		{5CC1F63E-16C6-4690-BF9E-FD12FB5CE3E5}.Release|Any CPU.Build.0 = Release|Any CPU
		{8B47F7F9-A88B-4988-B0E2-B2A2525DFD28}.Debug|Any CPU.ActiveCfg = Debug|Any CPU
		{8B47F7F9-A88B-4988-B0E2-B2A2525DFD28}.Debug|Any CPU.Build.0 = Debug|Any CPU
		{8B47F7F9-A88B-4988-B0E2-B2A2525DFD28}.Release|Any CPU.ActiveCfg = Release|Any CPU
		{8B47F7F9-A88B-4988-B0E2-B2A2525DFD28}.Release|Any CPU.Build.0 = Release|Any CPU
		{09DD952C-A0BA-4927-BBB5-FC56B8678F86}.Debug|Any CPU.ActiveCfg = Debug|Any CPU
		{09DD952C-A0BA-4927-BBB5-FC56B8678F86}.Debug|Any CPU.Build.0 = Debug|Any CPU
		{09DD952C-A0BA-4927-BBB5-FC56B8678F86}.Release|Any CPU.ActiveCfg = Release|Any CPU
		{09DD952C-A0BA-4927-BBB5-FC56B8678F86}.Release|Any CPU.Build.0 = Release|Any CPU
		{3B192A5E-371F-4406-A190-2DC6FF8C4542}.Debug|Any CPU.ActiveCfg = Debug|Any CPU
		{3B192A5E-371F-4406-A190-2DC6FF8C4542}.Debug|Any CPU.Build.0 = Debug|Any CPU
		{3B192A5E-371F-4406-A190-2DC6FF8C4542}.Release|Any CPU.ActiveCfg = Release|Any CPU
		{3B192A5E-371F-4406-A190-2DC6FF8C4542}.Release|Any CPU.Build.0 = Release|Any CPU
		{220BBF79-96C2-4E2B-8C0A-3FC595B39B18}.Debug|Any CPU.ActiveCfg = Debug|Any CPU
		{220BBF79-96C2-4E2B-8C0A-3FC595B39B18}.Debug|Any CPU.Build.0 = Debug|Any CPU
		{220BBF79-96C2-4E2B-8C0A-3FC595B39B18}.Release|Any CPU.ActiveCfg = Release|Any CPU
		{220BBF79-96C2-4E2B-8C0A-3FC595B39B18}.Release|Any CPU.Build.0 = Release|Any CPU
	EndGlobalSection
	GlobalSection(NestedProjects) = preSolution
		{09DD952C-A0BA-4927-BBB5-FC56B8678F86} = {5026479A-1B66-492F-AFB0-E60C15C720CE}
		{8B47F7F9-A88B-4988-B0E2-B2A2525DFD28} = {5026479A-1B66-492F-AFB0-E60C15C720CE}
		{5CC1F63E-16C6-4690-BF9E-FD12FB5CE3E5} = {6F9670A1-BA28-4DE0-9180-54D2189AF36E}
		{3B192A5E-371F-4406-A190-2DC6FF8C4542} = {CF036726-AC85-4A85-B6BE-D4DC6FC409D2}
		{220BBF79-96C2-4E2B-8C0A-3FC595B39B18} = {CF036726-AC85-4A85-B6BE-D4DC6FC409D2}
		{30F3DD2F-2122-4709-B83D-BF21FA38BB85} = {F7D769E7-4994-4000-AAE7-F4037EE81176}
	EndGlobalSection
EndGlobal
